
Microsoft Visual Studio Solution File, Format Version 11.00
# Visual Studio 2010
Project("{8BC9CEB8-8B4A-11D0-8D11-00A0C91BC942}") = "DllViewer", "DllViewer\DllViewer.vcxproj", "{7C44AEC4-3B83-4E13-8B12-79AFCC981B00}"
EndProject
Global
	GlobalSection(SolutionConfigurationPlatforms) = preSolution
		Debug|Win32 = Debug|Win32
		Release|Win32 = Release|Win32
	EndGlobalSection
	GlobalSection(ProjectConfigurationPlatforms) = postSolution
		{7C44AEC4-3B83-4E13-8B12-79AFCC981B00}.Debug|Win32.ActiveCfg = Debug|Win32
		{7C44AEC4-3B83-4E13-8B12-79AFCC981B00}.Debug|Win32.Build.0 = Debug|Win32
		{7C44AEC4-3B83-4E13-8B12-79AFCC981B00}.Release|Win32.ActiveCfg = Release|Win32
		{7C44AEC4-3B83-4E13-8B12-79AFCC981B00}.Release|Win32.Build.0 = Release|Win32
	EndGlobalSection
	GlobalSection(SolutionProperties) = preSolution
		HideSolutionNode = FALSE
	EndGlobalSection
EndGlobal
